
Microsoft Visual Studio Solution File, Format Version 12.00
# Visual Studio Version 17
VisualStudioVersion = 17.0.31903.59
MinimumVisualStudioVersion = 10.0.40219.1
Project("{2150E333-8FDC-42A3-9474-1A3956D46DE8}") = "src", "src", "{827E0CD3-B72D-47B6-A68D-7590B98EB39B}"
EndProject
Project("{FAE04EC0-301F-11D3-BF4B-00C04F79EFBC}") = "Phi4WeatherAgent.Web", "src\Phi4WeatherAgent.Web\Phi4WeatherAgent.Web.csproj", "{72C2A3D3-2644-4B4F-A998-9B2CB973D59B}"
EndProject
Project("{FAE04EC0-301F-11D3-BF4B-00C04F79EFBC}") = "Phi4WeatherAgent.ServiceDefaults", "src\Phi4WeatherAgent.ServiceDefaults\Phi4WeatherAgent.ServiceDefaults.csproj", "{A1386FB2-1929-4E16-B6ED-D31724AFF915}"
EndProject
Project("{FAE04EC0-301F-11D3-BF4B-00C04F79EFBC}") = "Phi4WeatherAgent.Agent", "src\Phi4WeatherAgent.Agent\Phi4WeatherAgent.Agent.csproj", "{1BF5A243-FC03-4714-84F4-9674DD451C87}"
EndProject
Project("{2150E333-8FDC-42A3-9474-1A3956D46DE8}") = "tests", "tests", "{0AB3BF05-4346-4AA6-1389-037BE0695223}"
EndProject
Project("{FAE04EC0-301F-11D3-BF4B-00C04F79EFBC}") = "Phi4WeatherAgent.Agent.Tests", "tests\Phi4WeatherAgent.Agent.Tests\Phi4WeatherAgent.Agent.Tests.csproj", "{CD232C41-2C9D-4752-904E-54BC89F19ED0}"
EndProject
Project("{FAE04EC0-301F-11D3-BF4B-00C04F79EFBC}") = "Phi4WeatherAgent.Web.Tests", "tests\Phi4WeatherAgent.Web.Tests\Phi4WeatherAgent.Web.Tests.csproj", "{AFBB71D5-BA12-4162-88C3-14DB4D82A60D}"
EndProject
Project("{FAE04EC0-301F-11D3-BF4B-00C04F79EFBC}") = "Phi4WeatherAgent.E2E.Tests", "tests\Phi4WeatherAgent.E2E.Tests\Phi4WeatherAgent.E2E.Tests.csproj", "{5DC3CEF1-79E7-4F41-941B-0B50ADCA0FCC}"
EndProject
Project("{FAE04EC0-301F-11D3-BF4B-00C04F79EFBC}") = "Phi4WeatherAgent.AppHost", "src\Phi4WeatherAgent.AppHost\Phi4WeatherAgent.AppHost.csproj", "{F3228F36-BD42-48C2-9F84-201F7424B511}"
EndProject
Global
	GlobalSection(SolutionConfigurationPlatforms) = preSolution
		Debug|Any CPU = Debug|Any CPU
		Debug|x64 = Debug|x64
		Debug|x86 = Debug|x86
		Release|Any CPU = Release|Any CPU
		Release|x64 = Release|x64
		Release|x86 = Release|x86
	EndGlobalSection
	GlobalSection(ProjectConfigurationPlatforms) = postSolution
		{72C2A3D3-2644-4B4F-A998-9B2CB973D59B}.Debug|Any CPU.ActiveCfg = Debug|Any CPU
		{72C2A3D3-2644-4B4F-A998-9B2CB973D59B}.Debug|Any CPU.Build.0 = Debug|Any CPU
		{72C2A3D3-2644-4B4F-A998-9B2CB973D59B}.Debug|x64.ActiveCfg = Debug|Any CPU
		{72C2A3D3-2644-4B4F-A998-9B2CB973D59B}.Debug|x64.Build.0 = Debug|Any CPU
		{72C2A3D3-2644-4B4F-A998-9B2CB973D59B}.Debug|x86.ActiveCfg = Debug|Any CPU
		{72C2A3D3-2644-4B4F-A998-9B2CB973D59B}.Debug|x86.Build.0 = Debug|Any CPU
		{72C2A3D3-2644-4B4F-A998-9B2CB973D59B}.Release|Any CPU.ActiveCfg = Release|Any CPU
		{72C2A3D3-2644-4B4F-A998-9B2CB973D59B}.Release|Any CPU.Build.0 = Release|Any CPU
		{72C2A3D3-2644-4B4F-A998-9B2CB973D59B}.Release|x64.ActiveCfg = Release|Any CPU
		{72C2A3D3-2644-4B4F-A998-9B2CB973D59B}.Release|x64.Build.0 = Release|Any CPU
		{72C2A3D3-2644-4B4F-A998-9B2CB973D59B}.Release|x86.ActiveCfg = Release|Any CPU
		{72C2A3D3-2644-4B4F-A998-9B2CB973D59B}.Release|x86.Build.0 = Release|Any CPU
		{A1386FB2-1929-4E16-B6ED-D31724AFF915}.Debug|Any CPU.ActiveCfg = Debug|Any CPU
		{A1386FB2-1929-4E16-B6ED-D31724AFF915}.Debug|Any CPU.Build.0 = Debug|Any CPU
		{A1386FB2-1929-4E16-B6ED-D31724AFF915}.Debug|x64.ActiveCfg = Debug|Any CPU
		{A1386FB2-1929-4E16-B6ED-D31724AFF915}.Debug|x64.Build.0 = Debug|Any CPU
		{A1386FB2-1929-4E16-B6ED-D31724AFF915}.Debug|x86.ActiveCfg = Debug|Any CPU
		{A1386FB2-1929-4E16-B6ED-D31724AFF915}.Debug|x86.Build.0 = Debug|Any CPU
		{A1386FB2-1929-4E16-B6ED-D31724AFF915}.Release|Any CPU.ActiveCfg = Release|Any CPU
		{A1386FB2-1929-4E16-B6ED-D31724AFF915}.Release|Any CPU.Build.0 = Release|Any CPU
		{A1386FB2-1929-4E16-B6ED-D31724AFF915}.Release|x64.ActiveCfg = Release|Any CPU
		{A1386FB2-1929-4E16-B6ED-D31724AFF915}.Release|x64.Build.0 = Release|Any CPU
		{A1386FB2-1929-4E16-B6ED-D31724AFF915}.Release|x86.ActiveCfg = Release|Any CPU
		{A1386FB2-1929-4E16-B6ED-D31724AFF915}.Release|x86.Build.0 = Release|Any CPU
		{1BF5A243-FC03-4714-84F4-9674DD451C87}.Debug|Any CPU.ActiveCfg = Debug|Any CPU
		{1BF5A243-FC03-4714-84F4-9674DD451C87}.Debug|Any CPU.Build.0 = Debug|Any CPU
		{1BF5A243-FC03-4714-84F4-9674DD451C87}.Debug|x64.ActiveCfg = Debug|Any CPU
		{1BF5A243-FC03-4714-84F4-9674DD451C87}.Debug|x64.Build.0 = Debug|Any CPU
		{1BF5A243-FC03-4714-84F4-9674DD451C87}.Debug|x86.ActiveCfg = Debug|Any CPU
		{1BF5A243-FC03-4714-84F4-9674DD451C87}.Debug|x86.Build.0 = Debug|Any CPU
		{1BF5A243-FC03-4714-84F4-9674DD451C87}.Release|Any CPU.ActiveCfg = Release|Any CPU
		{1BF5A243-FC03-4714-84F4-9674DD451C87}.Release|Any CPU.Build.0 = Release|Any CPU
		{1BF5A243-FC03-4714-84F4-9674DD451C87}.Release|x64.ActiveCfg = Release|Any CPU
		{1BF5A243-FC03-4714-84F4-9674DD451C87}.Release|x64.Build.0 = Release|Any CPU
		{1BF5A243-FC03-4714-84F4-9674DD451C87}.Release|x86.ActiveCfg = Release|Any CPU
		{1BF5A243-FC03-4714-84F4-9674DD451C87}.Release|x86.Build.0 = Release|Any CPU
		{CD232C41-2C9D-4752-904E-54BC89F19ED0}.Debug|Any CPU.ActiveCfg = Debug|Any CPU
		{CD232C41-2C9D-4752-904E-54BC89F19ED0}.Debug|Any CPU.Build.0 = Debug|Any CPU
		{CD232C41-2C9D-4752-904E-54BC89F19ED0}.Debug|x64.ActiveCfg = Debug|Any CPU
		{CD232C41-2C9D-4752-904E-54BC89F19ED0}.Debug|x64.Build.0 = Debug|Any CPU
		{CD232C41-2C9D-4752-904E-54BC89F19ED0}.Debug|x86.ActiveCfg = Debug|Any CPU
		{CD232C41-2C9D-4752-904E-54BC89F19ED0}.Debug|x86.Build.0 = Debug|Any CPU
		{CD232C41-2C9D-4752-904E-54BC89F19ED0}.Release|Any CPU.ActiveCfg = Release|Any CPU
		{CD232C41-2C9D-4752-904E-54BC89F19ED0}.Release|Any CPU.Build.0 = Release|Any CPU
		{CD232C41-2C9D-4752-904E-54BC89F19ED0}.Release|x64.ActiveCfg = Release|Any CPU
		{CD232C41-2C9D-4752-904E-54BC89F19ED0}.Release|x64.Build.0 = Release|Any CPU
		{CD232C41-2C9D-4752-904E-54BC89F19ED0}.Release|x86.ActiveCfg = Release|Any CPU
		{CD232C41-2C9D-4752-904E-54BC89F19ED0}.Release|x86.Build.0 = Release|Any CPU
		{AFBB71D5-BA12-4162-88C3-14DB4D82A60D}.Debug|Any CPU.ActiveCfg = Debug|Any CPU
		{AFBB71D5-BA12-4162-88C3-14DB4D82A60D}.Debug|Any CPU.Build.0 = Debug|Any CPU
		{AFBB71D5-BA12-4162-88C3-14DB4D82A60D}.Debug|x64.ActiveCfg = Debug|Any CPU
		{AFBB71D5-BA12-4162-88C3-14DB4D82A60D}.Debug|x64.Build.0 = Debug|Any CPU
		{AFBB71D5-BA12-4162-88C3-14DB4D82A60D}.Debug|x86.ActiveCfg = Debug|Any CPU
		{AFBB71D5-BA12-4162-88C3-14DB4D82A60D}.Debug|x86.Build.0 = Debug|Any CPU
		{AFBB71D5-BA12-4162-88C3-14DB4D82A60D}.Release|Any CPU.ActiveCfg = Release|Any CPU
		{AFBB71D5-BA12-4162-88C3-14DB4D82A60D}.Release|Any CPU.Build.0 = Release|Any CPU
		{AFBB71D5-BA12-4162-88C3-14DB4D82A60D}.Release|x64.ActiveCfg = Release|Any CPU
		{AFBB71D5-BA12-4162-88C3-14DB4D82A60D}.Release|x64.Build.0 = Release|Any CPU
		{AFBB71D5-BA12-4162-88C3-14DB4D82A60D}.Release|x86.ActiveCfg = Release|Any CPU
		{AFBB71D5-BA12-4162-88C3-14DB4D82A60D}.Release|x86.Build.0 = Release|Any CPU
		{5DC3CEF1-79E7-4F41-941B-0B50ADCA0FCC}.Debug|Any CPU.ActiveCfg = Debug|Any CPU
		{5DC3CEF1-79E7-4F41-941B-0B50ADCA0FCC}.Debug|Any CPU.Build.0 = Debug|Any CPU
		{5DC3CEF1-79E7-4F41-941B-0B50ADCA0FCC}.Debug|x64.ActiveCfg = Debug|Any CPU
		{5DC3CEF1-79E7-4F41-941B-0B50ADCA0FCC}.Debug|x64.Build.0 = Debug|Any CPU
		{5DC3CEF1-79E7-4F41-941B-0B50ADCA0FCC}.Debug|x86.ActiveCfg = Debug|Any CPU
		{5DC3CEF1-79E7-4F41-941B-0B50ADCA0FCC}.Debug|x86.Build.0 = Debug|Any CPU
		{5DC3CEF1-79E7-4F41-941B-0B50ADCA0FCC}.Release|Any CPU.ActiveCfg = Release|Any CPU
		{5DC3CEF1-79E7-4F41-941B-0B50ADCA0FCC}.Release|Any CPU.Build.0 = Release|Any CPU
		{5DC3CEF1-79E7-4F41-941B-0B50ADCA0FCC}.Release|x64.ActiveCfg = Release|Any CPU
		{5DC3CEF1-79E7-4F41-941B-0B50ADCA0FCC}.Release|x64.Build.0 = Release|Any CPU
		{5DC3CEF1-79E7-4F41-941B-0B50ADCA0FCC}.Release|x86.ActiveCfg = Release|Any CPU
		{5DC3CEF1-79E7-4F41-941B-0B50ADCA0FCC}.Release|x86.Build.0 = Release|Any CPU
		{F3228F36-BD42-48C2-9F84-201F7424B511}.Debug|Any CPU.ActiveCfg = Debug|Any CPU
		{F3228F36-BD42-48C2-9F84-201F7424B511}.Debug|Any CPU.Build.0 = Debug|Any CPU
		{F3228F36-BD42-48C2-9F84-201F7424B511}.Debug|x64.ActiveCfg = Debug|Any CPU
		{F3228F36-BD42-48C2-9F84-201F7424B511}.Debug|x64.Build.0 = Debug|Any CPU
		{F3228F36-BD42-48C2-9F84-201F7424B511}.Debug|x86.ActiveCfg = Debug|Any CPU
		{F3228F36-BD42-48C2-9F84-201F7424B511}.Debug|x86.Build.0 = Debug|Any CPU
		{F3228F36-BD42-48C2-9F84-201F7424B511}.Release|Any CPU.ActiveCfg = Release|Any CPU
		{F3228F36-BD42-48C2-9F84-201F7424B511}.Release|Any CPU.Build.0 = Release|Any CPU
		{F3228F36-BD42-48C2-9F84-201F7424B511}.Release|x64.ActiveCfg = Release|Any CPU
		{F3228F36-BD42-48C2-9F84-201F7424B511}.Release|x64.Build.0 = Release|Any CPU
		{F3228F36-BD42-48C2-9F84-201F7424B511}.Release|x86.ActiveCfg = Release|Any CPU
		{F3228F36-BD42-48C2-9F84-201F7424B511}.Release|x86.Build.0 = Release|Any CPU
	EndGlobalSection
	GlobalSection(SolutionProperties) = preSolution
		HideSolutionNode = FALSE
	EndGlobalSection
	GlobalSection(NestedProjects) = preSolution
		{72C2A3D3-2644-4B4F-A998-9B2CB973D59B} = {827E0CD3-B72D-47B6-A68D-7590B98EB39B}
		{A1386FB2-1929-4E16-B6ED-D31724AFF915} = {827E0CD3-B72D-47B6-A68D-7590B98EB39B}
		{1BF5A243-FC03-4714-84F4-9674DD451C87} = {827E0CD3-B72D-47B6-A68D-7590B98EB39B}
		{CD232C41-2C9D-4752-904E-54BC89F19ED0} = {0AB3BF05-4346-4AA6-1389-037BE0695223}
		{AFBB71D5-BA12-4162-88C3-14DB4D82A60D} = {0AB3BF05-4346-4AA6-1389-037BE0695223}
		{5DC3CEF1-79E7-4F41-941B-0B50ADCA0FCC} = {0AB3BF05-4346-4AA6-1389-037BE0695223}
		{F3228F36-BD42-48C2-9F84-201F7424B511} = {827E0CD3-B72D-47B6-A68D-7590B98EB39B}
	EndGlobalSection
EndGlobal
